// !$*UTF8*$!
{
	archiveVersion = 1;
	classes = {
	};
	objectVersion = 45;
	objects = {

/* Begin PBXBuildFile section */
		8DD76F6A0486A84900D96B5E /* sitemon.1 in CopyFiles */ = {isa = PBXBuildFile; fileRef = C6859E8B029090EE04C91782 /* sitemon.1 */; };
		D005FE7E1196DB6E00638FFB /* http_server_request_despatcher.cpp in Sources */ = {isa = PBXBuildFile; fileRef = D005FE7D1196DB6E00638FFB /* http_server_request_despatcher.cpp */; };
		D007CFC711822BCF0096048B /* load_test_results_saver.cpp in Sources */ = {isa = PBXBuildFile; fileRef = D007CFC511822BCF0096048B /* load_test_results_saver.cpp */; };
		D009830F1180E0AA00F6CA9A /* script_result.cpp in Sources */ = {isa = PBXBuildFile; fileRef = D009830E1180E0AA00F6CA9A /* script_result.cpp */; };
		D032CFE0117E585E004A4202 /* profile_load_request_thread.cpp in Sources */ = {isa = PBXBuildFile; fileRef = D032CFDF117E585E004A4202 /* profile_load_request_thread.cpp */; };
		D040EC49117CC71A00875CAA /* profile_test_engine.cpp in Sources */ = {isa = PBXBuildFile; fileRef = D040EC48117CC71A00875CAA /* profile_test_engine.cpp */; };
		D046EAF8117A053900CF9C1C /* component_downloader.cpp in Sources */ = {isa = PBXBuildFile; fileRef = D046EAA9117A053800CF9C1C /* component_downloader.cpp */; };
		D046EAF9117A053900CF9C1C /* config.cpp in Sources */ = {isa = PBXBuildFile; fileRef = D046EAAB117A053800CF9C1C /* config.cpp */; };
		D046EAFA117A053900CF9C1C /* debug_settings.cpp in Sources */ = {isa = PBXBuildFile; fileRef = D046EAAD117A053800CF9C1C /* debug_settings.cpp */; };
		D046EAFB117A053900CF9C1C /* html_parser.cpp in Sources */ = {isa = PBXBuildFile; fileRef = D046EAAF117A053800CF9C1C /* html_parser.cpp */; };
		D046EAFC117A053900CF9C1C /* http_engine.cpp in Sources */ = {isa = PBXBuildFile; fileRef = D046EAB1117A053800CF9C1C /* http_engine.cpp */; };
		D046EAFD117A053900CF9C1C /* http_request.cpp in Sources */ = {isa = PBXBuildFile; fileRef = D046EAB3117A053800CF9C1C /* http_request.cpp */; };
		D046EAFE117A053900CF9C1C /* http_response.cpp in Sources */ = {isa = PBXBuildFile; fileRef = D046EAB5117A053800CF9C1C /* http_response.cpp */; };
		D046EAFF117A053900CF9C1C /* http_form_generator.cpp in Sources */ = {isa = PBXBuildFile; fileRef = D046EAB8117A053800CF9C1C /* http_form_generator.cpp */; };
		D046EB00117A053900CF9C1C /* http_server.cpp in Sources */ = {isa = PBXBuildFile; fileRef = D046EABA117A053800CF9C1C /* http_server.cpp */; };
		D046EB01117A053900CF9C1C /* http_server_db_helpers.cpp in Sources */ = {isa = PBXBuildFile; fileRef = D046EABC117A053800CF9C1C /* http_server_db_helpers.cpp */; };
		D046EB02117A053900CF9C1C /* http_server_html_formatters.cpp in Sources */ = {isa = PBXBuildFile; fileRef = D046EABE117A053800CF9C1C /* http_server_html_formatters.cpp */; };
		D046EB03117A053900CF9C1C /* http_server_request.cpp in Sources */ = {isa = PBXBuildFile; fileRef = D046EAC0117A053800CF9C1C /* http_server_request.cpp */; };
		D046EB04117A053900CF9C1C /* http_server_request_thread.cpp in Sources */ = {isa = PBXBuildFile; fileRef = D046EAC2117A053800CF9C1C /* http_server_request_thread.cpp */; };
		D046EB05117A053900CF9C1C /* http_server_responses.cpp in Sources */ = {isa = PBXBuildFile; fileRef = D046EAC4117A053800CF9C1C /* http_server_responses.cpp */; };
		D046EB06117A053900CF9C1C /* hit_load_request_thread.cpp in Sources */ = {isa = PBXBuildFile; fileRef = D046EAC7117A053800CF9C1C /* hit_load_request_thread.cpp */; };
		D046EB07117A053900CF9C1C /* hit_test_engine.cpp in Sources */ = {isa = PBXBuildFile; fileRef = D046EAC9117A053800CF9C1C /* hit_test_engine.cpp */; };
		D046EB09117A053900CF9C1C /* main.cpp in Sources */ = {isa = PBXBuildFile; fileRef = D046EACD117A053800CF9C1C /* main.cpp */; };
		D046EB0A117A053900CF9C1C /* scheduled_results_saver.cpp in Sources */ = {isa = PBXBuildFile; fileRef = D046EACF117A053800CF9C1C /* scheduled_results_saver.cpp */; };
		D046EB0B117A053900CF9C1C /* scheduler.cpp in Sources */ = {isa = PBXBuildFile; fileRef = D046EAD1117A053800CF9C1C /* scheduler.cpp */; };
		D046EB0C117A053900CF9C1C /* scheduler_db_helpers.cpp in Sources */ = {isa = PBXBuildFile; fileRef = D046EAD3117A053800CF9C1C /* scheduler_db_helpers.cpp */; };
		D046EB0D117A053900CF9C1C /* scheduler_test_thread.cpp in Sources */ = {isa = PBXBuildFile; fileRef = D046EAD5117A053800CF9C1C /* scheduler_test_thread.cpp */; };
		D046EB0E117A053900CF9C1C /* script_debugger.cpp in Sources */ = {isa = PBXBuildFile; fileRef = D046EAD7117A053800CF9C1C /* script_debugger.cpp */; };
		D046EB0F117A053900CF9C1C /* script.cpp in Sources */ = {isa = PBXBuildFile; fileRef = D046EAD9117A053800CF9C1C /* script.cpp */; };
		D046EB10117A053900CF9C1C /* sitemon.cpp in Sources */ = {isa = PBXBuildFile; fileRef = D046EADB117A053800CF9C1C /* sitemon.cpp */; };
		D046EB11117A053900CF9C1C /* uri_helper.cpp in Sources */ = {isa = PBXBuildFile; fileRef = D046EADD117A053800CF9C1C /* uri_helper.cpp */; };
		D046EB12117A053900CF9C1C /* event.cpp in Sources */ = {isa = PBXBuildFile; fileRef = D046EAE0117A053800CF9C1C /* event.cpp */; };
		D046EB13117A053900CF9C1C /* misc.cpp in Sources */ = {isa = PBXBuildFile; fileRef = D046EAE2117A053800CF9C1C /* misc.cpp */; };
		D046EB14117A053900CF9C1C /* mutex.cpp in Sources */ = {isa = PBXBuildFile; fileRef = D046EAE4117A053800CF9C1C /* mutex.cpp */; };
		D046EB15117A053900CF9C1C /* socket.cpp in Sources */ = {isa = PBXBuildFile; fileRef = D046EAE6117A053800CF9C1C /* socket.cpp */; };
		D046EB16117A053900CF9C1C /* sqlite3.c in Sources */ = {isa = PBXBuildFile; fileRef = D046EAE8117A053800CF9C1C /* sqlite3.c */; };
		D046EB17117A053900CF9C1C /* sqlite_db.cpp in Sources */ = {isa = PBXBuildFile; fileRef = D046EAEA117A053900CF9C1C /* sqlite_db.cpp */; };
		D046EB18117A053900CF9C1C /* sqlite_query.cpp in Sources */ = {isa = PBXBuildFile; fileRef = D046EAEC117A053900CF9C1C /* sqlite_query.cpp */; };
		D046EB19117A053900CF9C1C /* string_helper.cpp in Sources */ = {isa = PBXBuildFile; fileRef = D046EAEE117A053900CF9C1C /* string_helper.cpp */; };
		D046EB1A117A053900CF9C1C /* thread.cpp in Sources */ = {isa = PBXBuildFile; fileRef = D046EAF0117A053900CF9C1C /* thread.cpp */; };
		D046EB1B117A053900CF9C1C /* thread_pool.cpp in Sources */ = {isa = PBXBuildFile; fileRef = D046EAF2117A053900CF9C1C /* thread_pool.cpp */; };
		D046EB1C117A053900CF9C1C /* tinyxml.cpp in Sources */ = {isa = PBXBuildFile; fileRef = D046EAF4117A053900CF9C1C /* tinyxml.cpp */; };
		D046EB1D117A053900CF9C1C /* tinyxmlerror.cpp in Sources */ = {isa = PBXBuildFile; fileRef = D046EAF6117A053900CF9C1C /* tinyxmlerror.cpp */; };
		D046EB1E117A053900CF9C1C /* tinyxmlparser.cpp in Sources */ = {isa = PBXBuildFile; fileRef = D046EAF7117A053900CF9C1C /* tinyxmlparser.cpp */; };
		D083B89E1191FB3D00937BE3 /* time.cpp in Sources */ = {isa = PBXBuildFile; fileRef = D083B89D1191FB3D00937BE3 /* time.cpp */; };
		D0F38B80118EFAB800FE2A49 /* load_test_db_helpers.cpp in Sources */ = {isa = PBXBuildFile; fileRef = D0F38B7F118EFAB800FE2A49 /* load_test_db_helpers.cpp */; };
/* End PBXBuildFile section */

/* Begin PBXCopyFilesBuildPhase section */
		8DD76F690486A84900D96B5E /* CopyFiles */ = {
			isa = PBXCopyFilesBuildPhase;
			buildActionMask = 8;
			dstPath = /usr/share/man/man1/;
			dstSubfolderSpec = 0;
			files = (
				8DD76F6A0486A84900D96B5E /* sitemon.1 in CopyFiles */,
			);
			runOnlyForDeploymentPostprocessing = 1;
		};
/* End PBXCopyFilesBuildPhase section */

/* Begin PBXFileReference section */
		8DD76F6C0486A84900D96B5E /* sitemon */ = {isa = PBXFileReference; explicitFileType = "compiled.mach-o.executable"; includeInIndex = 0; path = sitemon; sourceTree = BUILT_PRODUCTS_DIR; };
		C6859E8B029090EE04C91782 /* sitemon.1 */ = {isa = PBXFileReference; lastKnownFileType = text.man; path = sitemon.1; sourceTree = "<group>"; };
		D005FE7C1196DB6E00638FFB /* http_server_request_despatcher.h */ = {isa = PBXFileReference; fileEncoding = 4; lastKnownFileType = sourcecode.c.h; path = http_server_request_despatcher.h; sourceTree = "<group>"; };
		D005FE7D1196DB6E00638FFB /* http_server_request_despatcher.cpp */ = {isa = PBXFileReference; fileEncoding = 4; lastKnownFileType = sourcecode.cpp.cpp; path = http_server_request_despatcher.cpp; sourceTree = "<group>"; };
		D007CFC511822BCF0096048B /* load_test_results_saver.cpp */ = {isa = PBXFileReference; fileEncoding = 4; lastKnownFileType = sourcecode.cpp.cpp; path = load_test_results_saver.cpp; sourceTree = "<group>"; };
		D007CFC611822BCF0096048B /* load_test_results_saver.h */ = {isa = PBXFileReference; fileEncoding = 4; lastKnownFileType = sourcecode.c.h; path = load_test_results_saver.h; sourceTree = "<group>"; };
		D009830D1180E0AA00F6CA9A /* script_result.h */ = {isa = PBXFileReference; fileEncoding = 4; lastKnownFileType = sourcecode.c.h; path = script_result.h; sourceTree = "<group>"; };
		D009830E1180E0AA00F6CA9A /* script_result.cpp */ = {isa = PBXFileReference; fileEncoding = 4; lastKnownFileType = sourcecode.cpp.cpp; path = script_result.cpp; sourceTree = "<group>"; };
		D032CFDE117E585E004A4202 /* profile_load_request_thread.h */ = {isa = PBXFileReference; fileEncoding = 4; lastKnownFileType = sourcecode.c.h; path = profile_load_request_thread.h; sourceTree = "<group>"; };
		D032CFDF117E585E004A4202 /* profile_load_request_thread.cpp */ = {isa = PBXFileReference; fileEncoding = 4; lastKnownFileType = sourcecode.cpp.cpp; path = profile_load_request_thread.cpp; sourceTree = "<group>"; };
		D040EC47117CC71A00875CAA /* profile_test_engine.h */ = {isa = PBXFileReference; fileEncoding = 4; lastKnownFileType = sourcecode.c.h; path = profile_test_engine.h; sourceTree = "<group>"; };
		D040EC48117CC71A00875CAA /* profile_test_engine.cpp */ = {isa = PBXFileReference; fileEncoding = 4; lastKnownFileType = sourcecode.cpp.cpp; path = profile_test_engine.cpp; sourceTree = "<group>"; };
		D046EAA9117A053800CF9C1C /* component_downloader.cpp */ = {isa = PBXFileReference; fileEncoding = 4; lastKnownFileType = sourcecode.cpp.cpp; path = component_downloader.cpp; sourceTree = "<group>"; };
		D046EAAA117A053800CF9C1C /* component_downloader.h */ = {isa = PBXFileReference; fileEncoding = 4; lastKnownFileType = sourcecode.c.h; path = component_downloader.h; sourceTree = "<group>"; };
		D046EAAB117A053800CF9C1C /* config.cpp */ = {isa = PBXFileReference; fileEncoding = 4; lastKnownFileType = sourcecode.cpp.cpp; path = config.cpp; sourceTree = "<group>"; };
		D046EAAC117A053800CF9C1C /* config.h */ = {isa = PBXFileReference; fileEncoding = 4; lastKnownFileType = sourcecode.c.h; path = config.h; sourceTree = "<group>"; };
		D046EAAD117A053800CF9C1C /* debug_settings.cpp */ = {isa = PBXFileReference; fileEncoding = 4; lastKnownFileType = sourcecode.cpp.cpp; path = debug_settings.cpp; sourceTree = "<group>"; };
		D046EAAE117A053800CF9C1C /* debug_settings.h */ = {isa = PBXFileReference; fileEncoding = 4; lastKnownFileType = sourcecode.c.h; path = debug_settings.h; sourceTree = "<group>"; };
		D046EAAF117A053800CF9C1C /* html_parser.cpp */ = {isa = PBXFileReference; fileEncoding = 4; lastKnownFileType = sourcecode.cpp.cpp; path = html_parser.cpp; sourceTree = "<group>"; };
		D046EAB0117A053800CF9C1C /* html_parser.h */ = {isa = PBXFileReference; fileEncoding = 4; lastKnownFileType = sourcecode.c.h; path = html_parser.h; sourceTree = "<group>"; };
		D046EAB1117A053800CF9C1C /* http_engine.cpp */ = {isa = PBXFileReference; fileEncoding = 4; lastKnownFileType = sourcecode.cpp.cpp; path = http_engine.cpp; sourceTree = "<group>"; };
		D046EAB2117A053800CF9C1C /* http_engine.h */ = {isa = PBXFileReference; fileEncoding = 4; lastKnownFileType = sourcecode.c.h; path = http_engine.h; sourceTree = "<group>"; };
		D046EAB3117A053800CF9C1C /* http_request.cpp */ = {isa = PBXFileReference; fileEncoding = 4; lastKnownFileType = sourcecode.cpp.cpp; path = http_request.cpp; sourceTree = "<group>"; };
		D046EAB4117A053800CF9C1C /* http_request.h */ = {isa = PBXFileReference; fileEncoding = 4; lastKnownFileType = sourcecode.c.h; path = http_request.h; sourceTree = "<group>"; };
		D046EAB5117A053800CF9C1C /* http_response.cpp */ = {isa = PBXFileReference; fileEncoding = 4; lastKnownFileType = sourcecode.cpp.cpp; path = http_response.cpp; sourceTree = "<group>"; };
		D046EAB6117A053800CF9C1C /* http_response.h */ = {isa = PBXFileReference; fileEncoding = 4; lastKnownFileType = sourcecode.c.h; path = http_response.h; sourceTree = "<group>"; };
		D046EAB8117A053800CF9C1C /* http_form_generator.cpp */ = {isa = PBXFileReference; fileEncoding = 4; lastKnownFileType = sourcecode.cpp.cpp; path = http_form_generator.cpp; sourceTree = "<group>"; };
		D046EAB9117A053800CF9C1C /* http_form_generator.h */ = {isa = PBXFileReference; fileEncoding = 4; lastKnownFileType = sourcecode.c.h; path = http_form_generator.h; sourceTree = "<group>"; };
		D046EABA117A053800CF9C1C /* http_server.cpp */ = {isa = PBXFileReference; fileEncoding = 4; lastKnownFileType = sourcecode.cpp.cpp; path = http_server.cpp; sourceTree = "<group>"; };
		D046EABB117A053800CF9C1C /* http_server.h */ = {isa = PBXFileReference; fileEncoding = 4; lastKnownFileType = sourcecode.c.h; path = http_server.h; sourceTree = "<group>"; };
		D046EABC117A053800CF9C1C /* http_server_db_helpers.cpp */ = {isa = PBXFileReference; fileEncoding = 4; lastKnownFileType = sourcecode.cpp.cpp; path = http_server_db_helpers.cpp; sourceTree = "<group>"; };
		D046EABD117A053800CF9C1C /* http_server_db_helpers.h */ = {isa = PBXFileReference; fileEncoding = 4; lastKnownFileType = sourcecode.c.h; path = http_server_db_helpers.h; sourceTree = "<group>"; };
		D046EABE117A053800CF9C1C /* http_server_html_formatters.cpp */ = {isa = PBXFileReference; fileEncoding = 4; lastKnownFileType = sourcecode.cpp.cpp; path = http_server_html_formatters.cpp; sourceTree = "<group>"; };
		D046EABF117A053800CF9C1C /* http_server_html_formatters.h */ = {isa = PBXFileReference; fileEncoding = 4; lastKnownFileType = sourcecode.c.h; path = http_server_html_formatters.h; sourceTree = "<group>"; };
		D046EAC0117A053800CF9C1C /* http_server_request.cpp */ = {isa = PBXFileReference; fileEncoding = 4; lastKnownFileType = sourcecode.cpp.cpp; path = http_server_request.cpp; sourceTree = "<group>"; };
		D046EAC1117A053800CF9C1C /* http_server_request.h */ = {isa = PBXFileReference; fileEncoding = 4; lastKnownFileType = sourcecode.c.h; path = http_server_request.h; sourceTree = "<group>"; };
		D046EAC2117A053800CF9C1C /* http_server_request_thread.cpp */ = {isa = PBXFileReference; fileEncoding = 4; lastKnownFileType = sourcecode.cpp.cpp; path = http_server_request_thread.cpp; sourceTree = "<group>"; };
		D046EAC3117A053800CF9C1C /* http_server_request_thread.h */ = {isa = PBXFileReference; fileEncoding = 4; lastKnownFileType = sourcecode.c.h; path = http_server_request_thread.h; sourceTree = "<group>"; };
		D046EAC4117A053800CF9C1C /* http_server_responses.cpp */ = {isa = PBXFileReference; fileEncoding = 4; lastKnownFileType = sourcecode.cpp.cpp; path = http_server_responses.cpp; sourceTree = "<group>"; };
		D046EAC5117A053800CF9C1C /* http_server_responses.h */ = {isa = PBXFileReference; fileEncoding = 4; lastKnownFileType = sourcecode.c.h; path = http_server_responses.h; sourceTree = "<group>"; };
		D046EAC7117A053800CF9C1C /* hit_load_request_thread.cpp */ = {isa = PBXFileReference; fileEncoding = 4; lastKnownFileType = sourcecode.cpp.cpp; path = hit_load_request_thread.cpp; sourceTree = "<group>"; };
		D046EAC8117A053800CF9C1C /* hit_load_request_thread.h */ = {isa = PBXFileReference; fileEncoding = 4; lastKnownFileType = sourcecode.c.h; path = hit_load_request_thread.h; sourceTree = "<group>"; };
		D046EAC9117A053800CF9C1C /* hit_test_engine.cpp */ = {isa = PBXFileReference; fileEncoding = 4; lastKnownFileType = sourcecode.cpp.cpp; path = hit_test_engine.cpp; sourceTree = "<group>"; };
		D046EACA117A053800CF9C1C /* hit_test_engine.h */ = {isa = PBXFileReference; fileEncoding = 4; lastKnownFileType = sourcecode.c.h; path = hit_test_engine.h; sourceTree = "<group>"; };
		D046EACD117A053800CF9C1C /* main.cpp */ = {isa = PBXFileReference; fileEncoding = 4; lastKnownFileType = sourcecode.cpp.cpp; path = main.cpp; sourceTree = "<group>"; };
		D046EACF117A053800CF9C1C /* scheduled_results_saver.cpp */ = {isa = PBXFileReference; fileEncoding = 4; lastKnownFileType = sourcecode.cpp.cpp; path = scheduled_results_saver.cpp; sourceTree = "<group>"; };
		D046EAD0117A053800CF9C1C /* scheduled_results_saver.h */ = {isa = PBXFileReference; fileEncoding = 4; lastKnownFileType = sourcecode.c.h; path = scheduled_results_saver.h; sourceTree = "<group>"; };
		D046EAD1117A053800CF9C1C /* scheduler.cpp */ = {isa = PBXFileReference; fileEncoding = 4; lastKnownFileType = sourcecode.cpp.cpp; path = scheduler.cpp; sourceTree = "<group>"; };
		D046EAD2117A053800CF9C1C /* scheduler.h */ = {isa = PBXFileReference; fileEncoding = 4; lastKnownFileType = sourcecode.c.h; path = scheduler.h; sourceTree = "<group>"; };
		D046EAD3117A053800CF9C1C /* scheduler_db_helpers.cpp */ = {isa = PBXFileReference; fileEncoding = 4; lastKnownFileType = sourcecode.cpp.cpp; path = scheduler_db_helpers.cpp; sourceTree = "<group>"; };
		D046EAD4117A053800CF9C1C /* scheduler_db_helpers.h */ = {isa = PBXFileReference; fileEncoding = 4; lastKnownFileType = sourcecode.c.h; path = scheduler_db_helpers.h; sourceTree = "<group>"; };
		D046EAD5117A053800CF9C1C /* scheduler_test_thread.cpp */ = {isa = PBXFileReference; fileEncoding = 4; lastKnownFileType = sourcecode.cpp.cpp; path = scheduler_test_thread.cpp; sourceTree = "<group>"; };
		D046EAD6117A053800CF9C1C /* scheduler_test_thread.h */ = {isa = PBXFileReference; fileEncoding = 4; lastKnownFileType = sourcecode.c.h; path = scheduler_test_thread.h; sourceTree = "<group>"; };
		D046EAD7117A053800CF9C1C /* script_debugger.cpp */ = {isa = PBXFileReference; fileEncoding = 4; lastKnownFileType = sourcecode.cpp.cpp; path = script_debugger.cpp; sourceTree = "<group>"; };
		D046EAD8117A053800CF9C1C /* script_debugger.h */ = {isa = PBXFileReference; fileEncoding = 4; lastKnownFileType = sourcecode.c.h; path = script_debugger.h; sourceTree = "<group>"; };
		D046EAD9117A053800CF9C1C /* script.cpp */ = {isa = PBXFileReference; fileEncoding = 4; lastKnownFileType = sourcecode.cpp.cpp; path = script.cpp; sourceTree = "<group>"; };
		D046EADA117A053800CF9C1C /* script.h */ = {isa = PBXFileReference; fileEncoding = 4; lastKnownFileType = sourcecode.c.h; path = script.h; sourceTree = "<group>"; };
		D046EADB117A053800CF9C1C /* sitemon.cpp */ = {isa = PBXFileReference; fileEncoding = 4; lastKnownFileType = sourcecode.cpp.cpp; path = sitemon.cpp; sourceTree = "<group>"; };
		D046EADC117A053800CF9C1C /* sitemon.h */ = {isa = PBXFileReference; fileEncoding = 4; lastKnownFileType = sourcecode.c.h; path = sitemon.h; sourceTree = "<group>"; };
		D046EADD117A053800CF9C1C /* uri_helper.cpp */ = {isa = PBXFileReference; fileEncoding = 4; lastKnownFileType = sourcecode.cpp.cpp; path = uri_helper.cpp; sourceTree = "<group>"; };
		D046EADE117A053800CF9C1C /* uri_helper.h */ = {isa = PBXFileReference; fileEncoding = 4; lastKnownFileType = sourcecode.c.h; path = uri_helper.h; sourceTree = "<group>"; };
		D046EAE0117A053800CF9C1C /* event.cpp */ = {isa = PBXFileReference; fileEncoding = 4; lastKnownFileType = sourcecode.cpp.cpp; path = event.cpp; sourceTree = "<group>"; };
		D046EAE1117A053800CF9C1C /* event.h */ = {isa = PBXFileReference; fileEncoding = 4; lastKnownFileType = sourcecode.c.h; path = event.h; sourceTree = "<group>"; };
		D046EAE2117A053800CF9C1C /* misc.cpp */ = {isa = PBXFileReference; fileEncoding = 4; lastKnownFileType = sourcecode.cpp.cpp; path = misc.cpp; sourceTree = "<group>"; };
		D046EAE3117A053800CF9C1C /* misc.h */ = {isa = PBXFileReference; fileEncoding = 4; lastKnownFileType = sourcecode.c.h; path = misc.h; sourceTree = "<group>"; };
		D046EAE4117A053800CF9C1C /* mutex.cpp */ = {isa = PBXFileReference; fileEncoding = 4; lastKnownFileType = sourcecode.cpp.cpp; path = mutex.cpp; sourceTree = "<group>"; };
		D046EAE5117A053800CF9C1C /* mutex.h */ = {isa = PBXFileReference; fileEncoding = 4; lastKnownFileType = sourcecode.c.h; path = mutex.h; sourceTree = "<group>"; };
		D046EAE6117A053800CF9C1C /* socket.cpp */ = {isa = PBXFileReference; fileEncoding = 4; lastKnownFileType = sourcecode.cpp.cpp; path = socket.cpp; sourceTree = "<group>"; };
		D046EAE7117A053800CF9C1C /* socket.h */ = {isa = PBXFileReference; fileEncoding = 4; lastKnownFileType = sourcecode.c.h; path = socket.h; sourceTree = "<group>"; };
		D046EAE8117A053800CF9C1C /* sqlite3.c */ = {isa = PBXFileReference; fileEncoding = 4; lastKnownFileType = sourcecode.c.c; path = sqlite3.c; sourceTree = "<group>"; };
		D046EAE9117A053900CF9C1C /* sqlite3.h */ = {isa = PBXFileReference; fileEncoding = 4; lastKnownFileType = sourcecode.c.h; path = sqlite3.h; sourceTree = "<group>"; };
		D046EAEA117A053900CF9C1C /* sqlite_db.cpp */ = {isa = PBXFileReference; fileEncoding = 4; lastKnownFileType = sourcecode.cpp.cpp; path = sqlite_db.cpp; sourceTree = "<group>"; };
		D046EAEB117A053900CF9C1C /* sqlite_db.h */ = {isa = PBXFileReference; fileEncoding = 4; lastKnownFileType = sourcecode.c.h; path = sqlite_db.h; sourceTree = "<group>"; };
		D046EAEC117A053900CF9C1C /* sqlite_query.cpp */ = {isa = PBXFileReference; fileEncoding = 4; lastKnownFileType = sourcecode.cpp.cpp; path = sqlite_query.cpp; sourceTree = "<group>"; };
		D046EAED117A053900CF9C1C /* sqlite_query.h */ = {isa = PBXFileReference; fileEncoding = 4; lastKnownFileType = sourcecode.c.h; path = sqlite_query.h; sourceTree = "<group>"; };
		D046EAEE117A053900CF9C1C /* string_helper.cpp */ = {isa = PBXFileReference; fileEncoding = 4; lastKnownFileType = sourcecode.cpp.cpp; path = string_helper.cpp; sourceTree = "<group>"; };
		D046EAEF117A053900CF9C1C /* string_helper.h */ = {isa = PBXFileReference; fileEncoding = 4; lastKnownFileType = sourcecode.c.h; path = string_helper.h; sourceTree = "<group>"; };
		D046EAF0117A053900CF9C1C /* thread.cpp */ = {isa = PBXFileReference; fileEncoding = 4; lastKnownFileType = sourcecode.cpp.cpp; path = thread.cpp; sourceTree = "<group>"; };
		D046EAF1117A053900CF9C1C /* thread.h */ = {isa = PBXFileReference; fileEncoding = 4; lastKnownFileType = sourcecode.c.h; path = thread.h; sourceTree = "<group>"; };
		D046EAF2117A053900CF9C1C /* thread_pool.cpp */ = {isa = PBXFileReference; fileEncoding = 4; lastKnownFileType = sourcecode.cpp.cpp; path = thread_pool.cpp; sourceTree = "<group>"; };
		D046EAF3117A053900CF9C1C /* thread_pool.h */ = {isa = PBXFileReference; fileEncoding = 4; lastKnownFileType = sourcecode.c.h; path = thread_pool.h; sourceTree = "<group>"; };
		D046EAF4117A053900CF9C1C /* tinyxml.cpp */ = {isa = PBXFileReference; fileEncoding = 4; lastKnownFileType = sourcecode.cpp.cpp; path = tinyxml.cpp; sourceTree = "<group>"; };
		D046EAF5117A053900CF9C1C /* tinyxml.h */ = {isa = PBXFileReference; fileEncoding = 4; lastKnownFileType = sourcecode.c.h; path = tinyxml.h; sourceTree = "<group>"; };
		D046EAF6117A053900CF9C1C /* tinyxmlerror.cpp */ = {isa = PBXFileReference; fileEncoding = 4; lastKnownFileType = sourcecode.cpp.cpp; path = tinyxmlerror.cpp; sourceTree = "<group>"; };
		D046EAF7117A053900CF9C1C /* tinyxmlparser.cpp */ = {isa = PBXFileReference; fileEncoding = 4; lastKnownFileType = sourcecode.cpp.cpp; path = tinyxmlparser.cpp; sourceTree = "<group>"; };
		D083B89C1191FB3D00937BE3 /* time.h */ = {isa = PBXFileReference; fileEncoding = 4; lastKnownFileType = sourcecode.c.h; path = time.h; sourceTree = "<group>"; };
		D083B89D1191FB3D00937BE3 /* time.cpp */ = {isa = PBXFileReference; fileEncoding = 4; lastKnownFileType = sourcecode.cpp.cpp; path = time.cpp; sourceTree = "<group>"; };
		D0F38B7E118EFAB800FE2A49 /* load_test_db_helpers.h */ = {isa = PBXFileReference; fileEncoding = 4; lastKnownFileType = sourcecode.c.h; path = load_test_db_helpers.h; sourceTree = "<group>"; };
		D0F38B7F118EFAB800FE2A49 /* load_test_db_helpers.cpp */ = {isa = PBXFileReference; fileEncoding = 4; lastKnownFileType = sourcecode.cpp.cpp; path = load_test_db_helpers.cpp; sourceTree = "<group>"; };
/* End PBXFileReference section */

/* Begin PBXFrameworksBuildPhase section */
		8DD76F660486A84900D96B5E /* Frameworks */ = {
			isa = PBXFrameworksBuildPhase;
			buildActionMask = 2147483647;
			files = (
			);
			runOnlyForDeploymentPostprocessing = 0;
		};
/* End PBXFrameworksBuildPhase section */

/* Begin PBXGroup section */
		08FB7794FE84155DC02AAC07 /* sitemon */ = {
			isa = PBXGroup;
			children = (
				08FB7795FE84155DC02AAC07 /* src */,
				C6859E8C029090F304C91782 /* Documentation */,
				1AB674ADFE9D54B511CA2CBB /* Products */,
			);
			name = sitemon;
			sourceTree = "<group>";
		};
		08FB7795FE84155DC02AAC07 /* src */ = {
			isa = PBXGroup;
			children = (
				D009830D1180E0AA00F6CA9A /* script_result.h */,
				D009830E1180E0AA00F6CA9A /* script_result.cpp */,
				D046EAA9117A053800CF9C1C /* component_downloader.cpp */,
				D046EAAA117A053800CF9C1C /* component_downloader.h */,
				D046EAAB117A053800CF9C1C /* config.cpp */,
				D046EAAC117A053800CF9C1C /* config.h */,
				D046EAAD117A053800CF9C1C /* debug_settings.cpp */,
				D046EAAE117A053800CF9C1C /* debug_settings.h */,
				D046EAAF117A053800CF9C1C /* html_parser.cpp */,
				D046EAB0117A053800CF9C1C /* html_parser.h */,
				D046EAB1117A053800CF9C1C /* http_engine.cpp */,
				D046EAB2117A053800CF9C1C /* http_engine.h */,
				D046EAB3117A053800CF9C1C /* http_request.cpp */,
				D046EAB4117A053800CF9C1C /* http_request.h */,
				D046EAB5117A053800CF9C1C /* http_response.cpp */,
				D046EAB6117A053800CF9C1C /* http_response.h */,
				D046EAB7117A053800CF9C1C /* http_server */,
				D046EAC6117A053800CF9C1C /* load_testing */,
				D046EACD117A053800CF9C1C /* main.cpp */,
				D046EACE117A053800CF9C1C /* scheduler */,
				D046EAD7117A053800CF9C1C /* script_debugger.cpp */,
				D046EAD8117A053800CF9C1C /* script_debugger.h */,
				D046EAD9117A053800CF9C1C /* script.cpp */,
				D046EADA117A053800CF9C1C /* script.h */,
				D046EADB117A053800CF9C1C /* sitemon.cpp */,
				D046EADC117A053800CF9C1C /* sitemon.h */,
				D046EADD117A053800CF9C1C /* uri_helper.cpp */,
				D046EADE117A053800CF9C1C /* uri_helper.h */,
				D046EADF117A053800CF9C1C /* utils */,
			);
			path = src;
			sourceTree = "<group>";
		};
		1AB674ADFE9D54B511CA2CBB /* Products */ = {
			isa = PBXGroup;
			children = (
				8DD76F6C0486A84900D96B5E /* sitemon */,
			);
			name = Products;
			sourceTree = "<group>";
		};
		C6859E8C029090F304C91782 /* Documentation */ = {
			isa = PBXGroup;
			children = (
				C6859E8B029090EE04C91782 /* sitemon.1 */,
			);
			name = Documentation;
			sourceTree = "<group>";
		};
		D046EAB7117A053800CF9C1C /* http_server */ = {
			isa = PBXGroup;
			children = (
				D046EAB8117A053800CF9C1C /* http_form_generator.cpp */,
				D046EAB9117A053800CF9C1C /* http_form_generator.h */,
				D046EABA117A053800CF9C1C /* http_server.cpp */,
				D046EABB117A053800CF9C1C /* http_server.h */,
				D046EABC117A053800CF9C1C /* http_server_db_helpers.cpp */,
				D046EABD117A053800CF9C1C /* http_server_db_helpers.h */,
				D046EABE117A053800CF9C1C /* http_server_html_formatters.cpp */,
				D046EABF117A053800CF9C1C /* http_server_html_formatters.h */,
				D046EAC0117A053800CF9C1C /* http_server_request.cpp */,
				D046EAC1117A053800CF9C1C /* http_server_request.h */,
				D046EAC2117A053800CF9C1C /* http_server_request_thread.cpp */,
				D046EAC3117A053800CF9C1C /* http_server_request_thread.h */,
				D046EAC4117A053800CF9C1C /* http_server_responses.cpp */,
				D046EAC5117A053800CF9C1C /* http_server_responses.h */,
				D005FE7C1196DB6E00638FFB /* http_server_request_despatcher.h */,
				D005FE7D1196DB6E00638FFB /* http_server_request_despatcher.cpp */,
			);
			path = http_server;
			sourceTree = "<group>";
		};
		D046EAC6117A053800CF9C1C /* load_testing */ = {
			isa = PBXGroup;
			children = (
				D007CFC511822BCF0096048B /* load_test_results_saver.cpp */,
				D007CFC611822BCF0096048B /* load_test_results_saver.h */,
				D046EAC7117A053800CF9C1C /* hit_load_request_thread.cpp */,
				D046EAC8117A053800CF9C1C /* hit_load_request_thread.h */,
				D046EAC9117A053800CF9C1C /* hit_test_engine.cpp */,
				D046EACA117A053800CF9C1C /* hit_test_engine.h */,
				D040EC47117CC71A00875CAA /* profile_test_engine.h */,
				D040EC48117CC71A00875CAA /* profile_test_engine.cpp */,
				D032CFDE117E585E004A4202 /* profile_load_request_thread.h */,
				D032CFDF117E585E004A4202 /* profile_load_request_thread.cpp */,
				D0F38B7E118EFAB800FE2A49 /* load_test_db_helpers.h */,
				D0F38B7F118EFAB800FE2A49 /* load_test_db_helpers.cpp */,
			);
			path = load_testing;
			sourceTree = "<group>";
		};
		D046EACE117A053800CF9C1C /* scheduler */ = {
			isa = PBXGroup;
			children = (
				D046EACF117A053800CF9C1C /* scheduled_results_saver.cpp */,
				D046EAD0117A053800CF9C1C /* scheduled_results_saver.h */,
				D046EAD1117A053800CF9C1C /* scheduler.cpp */,
				D046EAD2117A053800CF9C1C /* scheduler.h */,
				D046EAD3117A053800CF9C1C /* scheduler_db_helpers.cpp */,
				D046EAD4117A053800CF9C1C /* scheduler_db_helpers.h */,
				D046EAD5117A053800CF9C1C /* scheduler_test_thread.cpp */,
				D046EAD6117A053800CF9C1C /* scheduler_test_thread.h */,
			);
			path = scheduler;
			sourceTree = "<group>";
		};
		D046EADF117A053800CF9C1C /* utils */ = {
			isa = PBXGroup;
			children = (
				D046EAE0117A053800CF9C1C /* event.cpp */,
				D046EAE1117A053800CF9C1C /* event.h */,
				D046EAE2117A053800CF9C1C /* misc.cpp */,
				D046EAE3117A053800CF9C1C /* misc.h */,
				D046EAE4117A053800CF9C1C /* mutex.cpp */,
				D046EAE5117A053800CF9C1C /* mutex.h */,
				D046EAE6117A053800CF9C1C /* socket.cpp */,
				D046EAE7117A053800CF9C1C /* socket.h */,
				D046EAE8117A053800CF9C1C /* sqlite3.c */,
				D046EAE9117A053900CF9C1C /* sqlite3.h */,
				D046EAEA117A053900CF9C1C /* sqlite_db.cpp */,
				D046EAEB117A053900CF9C1C /* sqlite_db.h */,
				D046EAEC117A053900CF9C1C /* sqlite_query.cpp */,
				D046EAED117A053900CF9C1C /* sqlite_query.h */,
				D046EAEE117A053900CF9C1C /* string_helper.cpp */,
				D046EAEF117A053900CF9C1C /* string_helper.h */,
				D046EAF0117A053900CF9C1C /* thread.cpp */,
				D046EAF1117A053900CF9C1C /* thread.h */,
				D046EAF2117A053900CF9C1C /* thread_pool.cpp */,
				D046EAF3117A053900CF9C1C /* thread_pool.h */,
				D046EAF4117A053900CF9C1C /* tinyxml.cpp */,
				D046EAF5117A053900CF9C1C /* tinyxml.h */,
				D046EAF6117A053900CF9C1C /* tinyxmlerror.cpp */,
				D046EAF7117A053900CF9C1C /* tinyxmlparser.cpp */,
				D083B89C1191FB3D00937BE3 /* time.h */,
				D083B89D1191FB3D00937BE3 /* time.cpp */,
			);
			path = utils;
			sourceTree = "<group>";
		};
/* End PBXGroup section */

/* Begin PBXNativeTarget section */
		8DD76F620486A84900D96B5E /* sitemon */ = {
			isa = PBXNativeTarget;
			buildConfigurationList = 1DEB923108733DC60010E9CD /* Build configuration list for PBXNativeTarget "sitemon" */;
			buildPhases = (
				8DD76F640486A84900D96B5E /* Sources */,
				8DD76F660486A84900D96B5E /* Frameworks */,
				8DD76F690486A84900D96B5E /* CopyFiles */,
			);
			buildRules = (
			);
			dependencies = (
			);
			name = sitemon;
			productInstallPath = "$(HOME)/bin";
			productName = sitemon;
			productReference = 8DD76F6C0486A84900D96B5E /* sitemon */;
			productType = "com.apple.product-type.tool";
		};
/* End PBXNativeTarget section */

/* Begin PBXProject section */
		08FB7793FE84155DC02AAC07 /* Project object */ = {
			isa = PBXProject;
			buildConfigurationList = 1DEB923508733DC60010E9CD /* Build configuration list for PBXProject "sitemon" */;
			compatibilityVersion = "Xcode 3.1";
			hasScannedForEncodings = 1;
			mainGroup = 08FB7794FE84155DC02AAC07 /* sitemon */;
			projectDirPath = "";
			projectRoot = "";
			targets = (
				8DD76F620486A84900D96B5E /* sitemon */,
			);
		};
/* End PBXProject section */

/* Begin PBXSourcesBuildPhase section */
		8DD76F640486A84900D96B5E /* Sources */ = {
			isa = PBXSourcesBuildPhase;
			buildActionMask = 2147483647;
			files = (
				D046EAF8117A053900CF9C1C /* component_downloader.cpp in Sources */,
				D046EAF9117A053900CF9C1C /* config.cpp in Sources */,
				D046EAFA117A053900CF9C1C /* debug_settings.cpp in Sources */,
				D046EAFB117A053900CF9C1C /* html_parser.cpp in Sources */,
				D046EAFC117A053900CF9C1C /* http_engine.cpp in Sources */,
				D046EAFD117A053900CF9C1C /* http_request.cpp in Sources */,
				D046EAFE117A053900CF9C1C /* http_response.cpp in Sources */,
				D046EAFF117A053900CF9C1C /* http_form_generator.cpp in Sources */,
				D046EB00117A053900CF9C1C /* http_server.cpp in Sources */,
				D046EB01117A053900CF9C1C /* http_server_db_helpers.cpp in Sources */,
				D046EB02117A053900CF9C1C /* http_server_html_formatters.cpp in Sources */,
				D046EB03117A053900CF9C1C /* http_server_request.cpp in Sources */,
				D046EB04117A053900CF9C1C /* http_server_request_thread.cpp in Sources */,
				D046EB05117A053900CF9C1C /* http_server_responses.cpp in Sources */,
				D046EB06117A053900CF9C1C /* hit_load_request_thread.cpp in Sources */,
				D046EB07117A053900CF9C1C /* hit_test_engine.cpp in Sources */,
				D046EB09117A053900CF9C1C /* main.cpp in Sources */,
				D046EB0A117A053900CF9C1C /* scheduled_results_saver.cpp in Sources */,
				D046EB0B117A053900CF9C1C /* scheduler.cpp in Sources */,
				D046EB0C117A053900CF9C1C /* scheduler_db_helpers.cpp in Sources */,
				D046EB0D117A053900CF9C1C /* scheduler_test_thread.cpp in Sources */,
				D046EB0E117A053900CF9C1C /* script_debugger.cpp in Sources */,
				D046EB0F117A053900CF9C1C /* script.cpp in Sources */,
				D046EB10117A053900CF9C1C /* sitemon.cpp in Sources */,
				D046EB11117A053900CF9C1C /* uri_helper.cpp in Sources */,
				D046EB12117A053900CF9C1C /* event.cpp in Sources */,
				D046EB13117A053900CF9C1C /* misc.cpp in Sources */,
				D046EB14117A053900CF9C1C /* mutex.cpp in Sources */,
				D046EB15117A053900CF9C1C /* socket.cpp in Sources */,
				D046EB16117A053900CF9C1C /* sqlite3.c in Sources */,
				D046EB17117A053900CF9C1C /* sqlite_db.cpp in Sources */,
				D046EB18117A053900CF9C1C /* sqlite_query.cpp in Sources */,
				D046EB19117A053900CF9C1C /* string_helper.cpp in Sources */,
				D046EB1A117A053900CF9C1C /* thread.cpp in Sources */,
				D046EB1B117A053900CF9C1C /* thread_pool.cpp in Sources */,
				D046EB1C117A053900CF9C1C /* tinyxml.cpp in Sources */,
				D046EB1D117A053900CF9C1C /* tinyxmlerror.cpp in Sources */,
				D046EB1E117A053900CF9C1C /* tinyxmlparser.cpp in Sources */,
				D040EC49117CC71A00875CAA /* profile_test_engine.cpp in Sources */,
				D032CFE0117E585E004A4202 /* profile_load_request_thread.cpp in Sources */,
				D009830F1180E0AA00F6CA9A /* script_result.cpp in Sources */,
				D007CFC711822BCF0096048B /* load_test_results_saver.cpp in Sources */,
				D0F38B80118EFAB800FE2A49 /* load_test_db_helpers.cpp in Sources */,
				D083B89E1191FB3D00937BE3 /* time.cpp in Sources */,
				D005FE7E1196DB6E00638FFB /* http_server_request_despatcher.cpp in Sources */,
			);
			runOnlyForDeploymentPostprocessing = 0;
		};
/* End PBXSourcesBuildPhase section */

/* Begin XCBuildConfiguration section */
		1DEB923208733DC60010E9CD /* Debug */ = {
			isa = XCBuildConfiguration;
			buildSettings = {
				ALWAYS_SEARCH_USER_PATHS = NO;
				COPY_PHASE_STRIP = NO;
				GCC_DYNAMIC_NO_PIC = NO;
				GCC_ENABLE_FIX_AND_CONTINUE = YES;
				GCC_MODEL_TUNING = G5;
				GCC_OPTIMIZATION_LEVEL = 0;
				GCC_PREPROCESSOR_DEFINITIONS = (
					"_GLIBCXX_DEBUG=1",
					"_GLIBCXX_DEBUG_PEDANTIC=1",
				);
				INSTALL_PATH = /usr/local/bin;
				PRODUCT_NAME = sitemon;
			};
			name = Debug;
		};
		1DEB923308733DC60010E9CD /* Release */ = {
			isa = XCBuildConfiguration;
			buildSettings = {
				ALWAYS_SEARCH_USER_PATHS = NO;
				DEBUG_INFORMATION_FORMAT = "dwarf-with-dsym";
				GCC_MODEL_TUNING = G5;
				INSTALL_PATH = /usr/local/bin;
				PRODUCT_NAME = sitemon;
			};
			name = Release;
		};
		1DEB923608733DC60010E9CD /* Debug */ = {
			isa = XCBuildConfiguration;
			buildSettings = {
				ARCHS = "$(ARCHS_STANDARD_32_64_BIT)";
				GCC_C_LANGUAGE_STANDARD = gnu99;
				GCC_OPTIMIZATION_LEVEL = 0;
				GCC_VERSION = "";
				GCC_WARN_ABOUT_RETURN_TYPE = YES;
				GCC_WARN_UNUSED_VARIABLE = YES;
				ONLY_ACTIVE_ARCH = YES;
				OTHER_LDFLAGS = (
					"-lz",
					"-lssl",
					"-lcurl",
					"-lxml2",
					"-pthread",
				);
				PREBINDING = NO;
				SDKROOT = macosx10.6;
			};
			name = Debug;
		};
		1DEB923708733DC60010E9CD /* Release */ = {
			isa = XCBuildConfiguration;
			buildSettings = {
				ARCHS = "$(ARCHS_STANDARD_32_64_BIT)";
				GCC_C_LANGUAGE_STANDARD = gnu99;
				GCC_WARN_ABOUT_RETURN_TYPE = YES;
				GCC_WARN_UNUSED_VARIABLE = YES;
				OTHER_LDFLAGS = (
					"-lz",
					"-lssl",
					"-lcurl",
					"-lxml2",
					"-pthread",
				);
				PREBINDING = NO;
				SDKROOT = macosx10.6;
			};
			name = Release;
		};
/* End XCBuildConfiguration section */

/* Begin XCConfigurationList section */
		1DEB923108733DC60010E9CD /* Build configuration list for PBXNativeTarget "sitemon" */ = {
			isa = XCConfigurationList;
			buildConfigurations = (
				1DEB923208733DC60010E9CD /* Debug */,
				1DEB923308733DC60010E9CD /* Release */,
			);
			defaultConfigurationIsVisible = 0;
			defaultConfigurationName = Release;
		};
		1DEB923508733DC60010E9CD /* Build configuration list for PBXProject "sitemon" */ = {
			isa = XCConfigurationList;
			buildConfigurations = (
				1DEB923608733DC60010E9CD /* Debug */,
				1DEB923708733DC60010E9CD /* Release */,
			);
			defaultConfigurationIsVisible = 0;
			defaultConfigurationName = Release;
		};
/* End XCConfigurationList section */
	};
	rootObject = 08FB7793FE84155DC02AAC07 /* Project object */;
}
