// !$*UTF8*$!
{
	archiveVersion = 1;
	classes = {
	};
	objectVersion = 45;
	objects = {

/* Begin PBXBuildFile section */
		8DD76F6A0486A84900D96B5E /* sitemon.1 in CopyFiles */ = {isa = PBXBuildFile; fileRef = C6859E8B029090EE04C91782 /* sitemon.1 */; };
		D0B9786011722F3D00FA5B5A /* component_downloader.cpp in Sources */ = {isa = PBXBuildFile; fileRef = D0B9781A11722F3D00FA5B5A /* component_downloader.cpp */; };
		D0B9786111722F3D00FA5B5A /* config.cpp in Sources */ = {isa = PBXBuildFile; fileRef = D0B9781C11722F3D00FA5B5A /* config.cpp */; };
		D0B9786211722F3D00FA5B5A /* hit_load_request_thread.cpp in Sources */ = {isa = PBXBuildFile; fileRef = D0B9781E11722F3D00FA5B5A /* hit_load_request_thread.cpp */; };
		D0B9786311722F3D00FA5B5A /* html_parser.cpp in Sources */ = {isa = PBXBuildFile; fileRef = D0B9782011722F3D00FA5B5A /* html_parser.cpp */; };
		D0B9786411722F3D00FA5B5A /* http_engine.cpp in Sources */ = {isa = PBXBuildFile; fileRef = D0B9782211722F3D00FA5B5A /* http_engine.cpp */; };
		D0B9786511722F3D00FA5B5A /* http_request.cpp in Sources */ = {isa = PBXBuildFile; fileRef = D0B9782411722F3D00FA5B5A /* http_request.cpp */; };
		D0B9786611722F3D00FA5B5A /* http_response.cpp in Sources */ = {isa = PBXBuildFile; fileRef = D0B9782611722F3D00FA5B5A /* http_response.cpp */; };
		D0B9786711722F3D00FA5B5A /* http_form_generator.cpp in Sources */ = {isa = PBXBuildFile; fileRef = D0B9782911722F3D00FA5B5A /* http_form_generator.cpp */; };
		D0B9786811722F3D00FA5B5A /* http_server.cpp in Sources */ = {isa = PBXBuildFile; fileRef = D0B9782B11722F3D00FA5B5A /* http_server.cpp */; };
		D0B9786911722F3D00FA5B5A /* http_server_db_helpers.cpp in Sources */ = {isa = PBXBuildFile; fileRef = D0B9782D11722F3D00FA5B5A /* http_server_db_helpers.cpp */; };
		D0B9786A11722F3D00FA5B5A /* http_server_html_formatters.cpp in Sources */ = {isa = PBXBuildFile; fileRef = D0B9782F11722F3D00FA5B5A /* http_server_html_formatters.cpp */; };
		D0B9786B11722F3D00FA5B5A /* http_server_request.cpp in Sources */ = {isa = PBXBuildFile; fileRef = D0B9783111722F3D00FA5B5A /* http_server_request.cpp */; };
		D0B9786C11722F3D00FA5B5A /* http_server_request_thread.cpp in Sources */ = {isa = PBXBuildFile; fileRef = D0B9783311722F3D00FA5B5A /* http_server_request_thread.cpp */; };
		D0B9786D11722F3D00FA5B5A /* http_server_responses.cpp in Sources */ = {isa = PBXBuildFile; fileRef = D0B9783511722F3D00FA5B5A /* http_server_responses.cpp */; };
		D0B9786E11722F3D00FA5B5A /* main.cpp in Sources */ = {isa = PBXBuildFile; fileRef = D0B9783711722F3D00FA5B5A /* main.cpp */; };
		D0B9786F11722F3D00FA5B5A /* results_storage.cpp in Sources */ = {isa = PBXBuildFile; fileRef = D0B9783811722F3D00FA5B5A /* results_storage.cpp */; };
		D0B9787011722F3D00FA5B5A /* scheduled_results_saver.cpp in Sources */ = {isa = PBXBuildFile; fileRef = D0B9783B11722F3D00FA5B5A /* scheduled_results_saver.cpp */; };
		D0B9787111722F3D00FA5B5A /* scheduler.cpp in Sources */ = {isa = PBXBuildFile; fileRef = D0B9783D11722F3D00FA5B5A /* scheduler.cpp */; };
		D0B9787211722F3D00FA5B5A /* scheduler_db_helpers.cpp in Sources */ = {isa = PBXBuildFile; fileRef = D0B9783F11722F3D00FA5B5A /* scheduler_db_helpers.cpp */; };
		D0B9787311722F3D00FA5B5A /* scheduler_test_thread.cpp in Sources */ = {isa = PBXBuildFile; fileRef = D0B9784111722F3D00FA5B5A /* scheduler_test_thread.cpp */; };
		D0B9787411722F3D00FA5B5A /* script.cpp in Sources */ = {isa = PBXBuildFile; fileRef = D0B9784311722F3D00FA5B5A /* script.cpp */; };
		D0B9787511722F3D00FA5B5A /* sitemon.cpp in Sources */ = {isa = PBXBuildFile; fileRef = D0B9784511722F3D00FA5B5A /* sitemon.cpp */; };
		D0B9787611722F3D00FA5B5A /* uri_helper.cpp in Sources */ = {isa = PBXBuildFile; fileRef = D0B9784711722F3D00FA5B5A /* uri_helper.cpp */; };
		D0B9787711722F3D00FA5B5A /* event.cpp in Sources */ = {isa = PBXBuildFile; fileRef = D0B9784A11722F3D00FA5B5A /* event.cpp */; };
		D0B9787811722F3D00FA5B5A /* mutex.cpp in Sources */ = {isa = PBXBuildFile; fileRef = D0B9784C11722F3D00FA5B5A /* mutex.cpp */; };
		D0B9787911722F3D00FA5B5A /* socket.cpp in Sources */ = {isa = PBXBuildFile; fileRef = D0B9784E11722F3D00FA5B5A /* socket.cpp */; };
		D0B9787A11722F3E00FA5B5A /* sqlite3.c in Sources */ = {isa = PBXBuildFile; fileRef = D0B9785011722F3D00FA5B5A /* sqlite3.c */; };
		D0B9787B11722F3E00FA5B5A /* sqlite_db.cpp in Sources */ = {isa = PBXBuildFile; fileRef = D0B9785211722F3D00FA5B5A /* sqlite_db.cpp */; };
		D0B9787C11722F3E00FA5B5A /* sqlite_query.cpp in Sources */ = {isa = PBXBuildFile; fileRef = D0B9785411722F3D00FA5B5A /* sqlite_query.cpp */; };
		D0B9787D11722F3E00FA5B5A /* string_helper.cpp in Sources */ = {isa = PBXBuildFile; fileRef = D0B9785611722F3D00FA5B5A /* string_helper.cpp */; };
		D0B9787E11722F3E00FA5B5A /* thread.cpp in Sources */ = {isa = PBXBuildFile; fileRef = D0B9785811722F3D00FA5B5A /* thread.cpp */; };
		D0B9787F11722F3E00FA5B5A /* thread_pool.cpp in Sources */ = {isa = PBXBuildFile; fileRef = D0B9785A11722F3D00FA5B5A /* thread_pool.cpp */; };
		D0B9788011722F3E00FA5B5A /* tinyxml.cpp in Sources */ = {isa = PBXBuildFile; fileRef = D0B9785C11722F3D00FA5B5A /* tinyxml.cpp */; };
		D0B9788111722F3E00FA5B5A /* tinyxmlerror.cpp in Sources */ = {isa = PBXBuildFile; fileRef = D0B9785E11722F3D00FA5B5A /* tinyxmlerror.cpp */; };
		D0B9788211722F3E00FA5B5A /* tinyxmlparser.cpp in Sources */ = {isa = PBXBuildFile; fileRef = D0B9785F11722F3D00FA5B5A /* tinyxmlparser.cpp */; };
/* End PBXBuildFile section */

/* Begin PBXCopyFilesBuildPhase section */
		8DD76F690486A84900D96B5E /* CopyFiles */ = {
			isa = PBXCopyFilesBuildPhase;
			buildActionMask = 8;
			dstPath = /usr/share/man/man1/;
			dstSubfolderSpec = 0;
			files = (
				8DD76F6A0486A84900D96B5E /* sitemon.1 in CopyFiles */,
			);
			runOnlyForDeploymentPostprocessing = 1;
		};
/* End PBXCopyFilesBuildPhase section */

/* Begin PBXFileReference section */
		8DD76F6C0486A84900D96B5E /* sitemon */ = {isa = PBXFileReference; explicitFileType = "compiled.mach-o.executable"; includeInIndex = 0; path = sitemon; sourceTree = BUILT_PRODUCTS_DIR; };
		C6859E8B029090EE04C91782 /* sitemon.1 */ = {isa = PBXFileReference; lastKnownFileType = text.man; path = sitemon.1; sourceTree = "<group>"; };
		D0B9781A11722F3D00FA5B5A /* component_downloader.cpp */ = {isa = PBXFileReference; fileEncoding = 4; lastKnownFileType = sourcecode.cpp.cpp; name = component_downloader.cpp; path = src/component_downloader.cpp; sourceTree = "<group>"; };
		D0B9781B11722F3D00FA5B5A /* component_downloader.h */ = {isa = PBXFileReference; fileEncoding = 4; lastKnownFileType = sourcecode.c.h; name = component_downloader.h; path = src/component_downloader.h; sourceTree = "<group>"; };
		D0B9781C11722F3D00FA5B5A /* config.cpp */ = {isa = PBXFileReference; fileEncoding = 4; lastKnownFileType = sourcecode.cpp.cpp; name = config.cpp; path = src/config.cpp; sourceTree = "<group>"; };
		D0B9781D11722F3D00FA5B5A /* config.h */ = {isa = PBXFileReference; fileEncoding = 4; lastKnownFileType = sourcecode.c.h; name = config.h; path = src/config.h; sourceTree = "<group>"; };
		D0B9781E11722F3D00FA5B5A /* hit_load_request_thread.cpp */ = {isa = PBXFileReference; fileEncoding = 4; lastKnownFileType = sourcecode.cpp.cpp; name = hit_load_request_thread.cpp; path = src/hit_load_request_thread.cpp; sourceTree = "<group>"; };
		D0B9781F11722F3D00FA5B5A /* hit_load_request_thread.h */ = {isa = PBXFileReference; fileEncoding = 4; lastKnownFileType = sourcecode.c.h; name = hit_load_request_thread.h; path = src/hit_load_request_thread.h; sourceTree = "<group>"; };
		D0B9782011722F3D00FA5B5A /* html_parser.cpp */ = {isa = PBXFileReference; fileEncoding = 4; lastKnownFileType = sourcecode.cpp.cpp; name = html_parser.cpp; path = src/html_parser.cpp; sourceTree = "<group>"; };
		D0B9782111722F3D00FA5B5A /* html_parser.h */ = {isa = PBXFileReference; fileEncoding = 4; lastKnownFileType = sourcecode.c.h; name = html_parser.h; path = src/html_parser.h; sourceTree = "<group>"; };
		D0B9782211722F3D00FA5B5A /* http_engine.cpp */ = {isa = PBXFileReference; fileEncoding = 4; lastKnownFileType = sourcecode.cpp.cpp; name = http_engine.cpp; path = src/http_engine.cpp; sourceTree = "<group>"; };
		D0B9782311722F3D00FA5B5A /* http_engine.h */ = {isa = PBXFileReference; fileEncoding = 4; lastKnownFileType = sourcecode.c.h; name = http_engine.h; path = src/http_engine.h; sourceTree = "<group>"; };
		D0B9782411722F3D00FA5B5A /* http_request.cpp */ = {isa = PBXFileReference; fileEncoding = 4; lastKnownFileType = sourcecode.cpp.cpp; name = http_request.cpp; path = src/http_request.cpp; sourceTree = "<group>"; };
		D0B9782511722F3D00FA5B5A /* http_request.h */ = {isa = PBXFileReference; fileEncoding = 4; lastKnownFileType = sourcecode.c.h; name = http_request.h; path = src/http_request.h; sourceTree = "<group>"; };
		D0B9782611722F3D00FA5B5A /* http_response.cpp */ = {isa = PBXFileReference; fileEncoding = 4; lastKnownFileType = sourcecode.cpp.cpp; name = http_response.cpp; path = src/http_response.cpp; sourceTree = "<group>"; };
		D0B9782711722F3D00FA5B5A /* http_response.h */ = {isa = PBXFileReference; fileEncoding = 4; lastKnownFileType = sourcecode.c.h; name = http_response.h; path = src/http_response.h; sourceTree = "<group>"; };
		D0B9782911722F3D00FA5B5A /* http_form_generator.cpp */ = {isa = PBXFileReference; fileEncoding = 4; lastKnownFileType = sourcecode.cpp.cpp; path = http_form_generator.cpp; sourceTree = "<group>"; };
		D0B9782A11722F3D00FA5B5A /* http_form_generator.h */ = {isa = PBXFileReference; fileEncoding = 4; lastKnownFileType = sourcecode.c.h; path = http_form_generator.h; sourceTree = "<group>"; };
		D0B9782B11722F3D00FA5B5A /* http_server.cpp */ = {isa = PBXFileReference; fileEncoding = 4; lastKnownFileType = sourcecode.cpp.cpp; path = http_server.cpp; sourceTree = "<group>"; };
		D0B9782C11722F3D00FA5B5A /* http_server.h */ = {isa = PBXFileReference; fileEncoding = 4; lastKnownFileType = sourcecode.c.h; path = http_server.h; sourceTree = "<group>"; };
		D0B9782D11722F3D00FA5B5A /* http_server_db_helpers.cpp */ = {isa = PBXFileReference; fileEncoding = 4; lastKnownFileType = sourcecode.cpp.cpp; path = http_server_db_helpers.cpp; sourceTree = "<group>"; };
		D0B9782E11722F3D00FA5B5A /* http_server_db_helpers.h */ = {isa = PBXFileReference; fileEncoding = 4; lastKnownFileType = sourcecode.c.h; path = http_server_db_helpers.h; sourceTree = "<group>"; };
		D0B9782F11722F3D00FA5B5A /* http_server_html_formatters.cpp */ = {isa = PBXFileReference; fileEncoding = 4; lastKnownFileType = sourcecode.cpp.cpp; path = http_server_html_formatters.cpp; sourceTree = "<group>"; };
		D0B9783011722F3D00FA5B5A /* http_server_html_formatters.h */ = {isa = PBXFileReference; fileEncoding = 4; lastKnownFileType = sourcecode.c.h; path = http_server_html_formatters.h; sourceTree = "<group>"; };
		D0B9783111722F3D00FA5B5A /* http_server_request.cpp */ = {isa = PBXFileReference; fileEncoding = 4; lastKnownFileType = sourcecode.cpp.cpp; path = http_server_request.cpp; sourceTree = "<group>"; };
		D0B9783211722F3D00FA5B5A /* http_server_request.h */ = {isa = PBXFileReference; fileEncoding = 4; lastKnownFileType = sourcecode.c.h; path = http_server_request.h; sourceTree = "<group>"; };
		D0B9783311722F3D00FA5B5A /* http_server_request_thread.cpp */ = {isa = PBXFileReference; fileEncoding = 4; lastKnownFileType = sourcecode.cpp.cpp; path = http_server_request_thread.cpp; sourceTree = "<group>"; };
		D0B9783411722F3D00FA5B5A /* http_server_request_thread.h */ = {isa = PBXFileReference; fileEncoding = 4; lastKnownFileType = sourcecode.c.h; path = http_server_request_thread.h; sourceTree = "<group>"; };
		D0B9783511722F3D00FA5B5A /* http_server_responses.cpp */ = {isa = PBXFileReference; fileEncoding = 4; lastKnownFileType = sourcecode.cpp.cpp; path = http_server_responses.cpp; sourceTree = "<group>"; };
		D0B9783611722F3D00FA5B5A /* http_server_responses.h */ = {isa = PBXFileReference; fileEncoding = 4; lastKnownFileType = sourcecode.c.h; path = http_server_responses.h; sourceTree = "<group>"; };
		D0B9783711722F3D00FA5B5A /* main.cpp */ = {isa = PBXFileReference; fileEncoding = 4; lastKnownFileType = sourcecode.cpp.cpp; name = main.cpp; path = src/main.cpp; sourceTree = "<group>"; };
		D0B9783811722F3D00FA5B5A /* results_storage.cpp */ = {isa = PBXFileReference; fileEncoding = 4; lastKnownFileType = sourcecode.cpp.cpp; name = results_storage.cpp; path = src/results_storage.cpp; sourceTree = "<group>"; };
		D0B9783911722F3D00FA5B5A /* results_storage.h */ = {isa = PBXFileReference; fileEncoding = 4; lastKnownFileType = sourcecode.c.h; name = results_storage.h; path = src/results_storage.h; sourceTree = "<group>"; };
		D0B9783B11722F3D00FA5B5A /* scheduled_results_saver.cpp */ = {isa = PBXFileReference; fileEncoding = 4; lastKnownFileType = sourcecode.cpp.cpp; path = scheduled_results_saver.cpp; sourceTree = "<group>"; };
		D0B9783C11722F3D00FA5B5A /* scheduled_results_saver.h */ = {isa = PBXFileReference; fileEncoding = 4; lastKnownFileType = sourcecode.c.h; path = scheduled_results_saver.h; sourceTree = "<group>"; };
		D0B9783D11722F3D00FA5B5A /* scheduler.cpp */ = {isa = PBXFileReference; fileEncoding = 4; lastKnownFileType = sourcecode.cpp.cpp; path = scheduler.cpp; sourceTree = "<group>"; };
		D0B9783E11722F3D00FA5B5A /* scheduler.h */ = {isa = PBXFileReference; fileEncoding = 4; lastKnownFileType = sourcecode.c.h; path = scheduler.h; sourceTree = "<group>"; };
		D0B9783F11722F3D00FA5B5A /* scheduler_db_helpers.cpp */ = {isa = PBXFileReference; fileEncoding = 4; lastKnownFileType = sourcecode.cpp.cpp; path = scheduler_db_helpers.cpp; sourceTree = "<group>"; };
		D0B9784011722F3D00FA5B5A /* scheduler_db_helpers.h */ = {isa = PBXFileReference; fileEncoding = 4; lastKnownFileType = sourcecode.c.h; path = scheduler_db_helpers.h; sourceTree = "<group>"; };
		D0B9784111722F3D00FA5B5A /* scheduler_test_thread.cpp */ = {isa = PBXFileReference; fileEncoding = 4; lastKnownFileType = sourcecode.cpp.cpp; path = scheduler_test_thread.cpp; sourceTree = "<group>"; };
		D0B9784211722F3D00FA5B5A /* scheduler_test_thread.h */ = {isa = PBXFileReference; fileEncoding = 4; lastKnownFileType = sourcecode.c.h; path = scheduler_test_thread.h; sourceTree = "<group>"; };
		D0B9784311722F3D00FA5B5A /* script.cpp */ = {isa = PBXFileReference; fileEncoding = 4; lastKnownFileType = sourcecode.cpp.cpp; name = script.cpp; path = src/script.cpp; sourceTree = "<group>"; };
		D0B9784411722F3D00FA5B5A /* script.h */ = {isa = PBXFileReference; fileEncoding = 4; lastKnownFileType = sourcecode.c.h; name = script.h; path = src/script.h; sourceTree = "<group>"; };
		D0B9784511722F3D00FA5B5A /* sitemon.cpp */ = {isa = PBXFileReference; fileEncoding = 4; lastKnownFileType = sourcecode.cpp.cpp; name = sitemon.cpp; path = src/sitemon.cpp; sourceTree = "<group>"; };
		D0B9784611722F3D00FA5B5A /* sitemon.h */ = {isa = PBXFileReference; fileEncoding = 4; lastKnownFileType = sourcecode.c.h; name = sitemon.h; path = src/sitemon.h; sourceTree = "<group>"; };
		D0B9784711722F3D00FA5B5A /* uri_helper.cpp */ = {isa = PBXFileReference; fileEncoding = 4; lastKnownFileType = sourcecode.cpp.cpp; name = uri_helper.cpp; path = src/uri_helper.cpp; sourceTree = "<group>"; };
		D0B9784811722F3D00FA5B5A /* uri_helper.h */ = {isa = PBXFileReference; fileEncoding = 4; lastKnownFileType = sourcecode.c.h; name = uri_helper.h; path = src/uri_helper.h; sourceTree = "<group>"; };
		D0B9784A11722F3D00FA5B5A /* event.cpp */ = {isa = PBXFileReference; fileEncoding = 4; lastKnownFileType = sourcecode.cpp.cpp; path = event.cpp; sourceTree = "<group>"; };
		D0B9784B11722F3D00FA5B5A /* event.h */ = {isa = PBXFileReference; fileEncoding = 4; lastKnownFileType = sourcecode.c.h; path = event.h; sourceTree = "<group>"; };
		D0B9784C11722F3D00FA5B5A /* mutex.cpp */ = {isa = PBXFileReference; fileEncoding = 4; lastKnownFileType = sourcecode.cpp.cpp; path = mutex.cpp; sourceTree = "<group>"; };
		D0B9784D11722F3D00FA5B5A /* mutex.h */ = {isa = PBXFileReference; fileEncoding = 4; lastKnownFileType = sourcecode.c.h; path = mutex.h; sourceTree = "<group>"; };
		D0B9784E11722F3D00FA5B5A /* socket.cpp */ = {isa = PBXFileReference; fileEncoding = 4; lastKnownFileType = sourcecode.cpp.cpp; path = socket.cpp; sourceTree = "<group>"; };
		D0B9784F11722F3D00FA5B5A /* socket.h */ = {isa = PBXFileReference; fileEncoding = 4; lastKnownFileType = sourcecode.c.h; path = socket.h; sourceTree = "<group>"; };
		D0B9785011722F3D00FA5B5A /* sqlite3.c */ = {isa = PBXFileReference; fileEncoding = 4; lastKnownFileType = sourcecode.c.c; path = sqlite3.c; sourceTree = "<group>"; };
		D0B9785111722F3D00FA5B5A /* sqlite3.h */ = {isa = PBXFileReference; fileEncoding = 4; lastKnownFileType = sourcecode.c.h; path = sqlite3.h; sourceTree = "<group>"; };
		D0B9785211722F3D00FA5B5A /* sqlite_db.cpp */ = {isa = PBXFileReference; fileEncoding = 4; lastKnownFileType = sourcecode.cpp.cpp; path = sqlite_db.cpp; sourceTree = "<group>"; };
		D0B9785311722F3D00FA5B5A /* sqlite_db.h */ = {isa = PBXFileReference; fileEncoding = 4; lastKnownFileType = sourcecode.c.h; path = sqlite_db.h; sourceTree = "<group>"; };
		D0B9785411722F3D00FA5B5A /* sqlite_query.cpp */ = {isa = PBXFileReference; fileEncoding = 4; lastKnownFileType = sourcecode.cpp.cpp; path = sqlite_query.cpp; sourceTree = "<group>"; };
		D0B9785511722F3D00FA5B5A /* sqlite_query.h */ = {isa = PBXFileReference; fileEncoding = 4; lastKnownFileType = sourcecode.c.h; path = sqlite_query.h; sourceTree = "<group>"; };
		D0B9785611722F3D00FA5B5A /* string_helper.cpp */ = {isa = PBXFileReference; fileEncoding = 4; lastKnownFileType = sourcecode.cpp.cpp; path = string_helper.cpp; sourceTree = "<group>"; };
		D0B9785711722F3D00FA5B5A /* string_helper.h */ = {isa = PBXFileReference; fileEncoding = 4; lastKnownFileType = sourcecode.c.h; path = string_helper.h; sourceTree = "<group>"; };
		D0B9785811722F3D00FA5B5A /* thread.cpp */ = {isa = PBXFileReference; fileEncoding = 4; lastKnownFileType = sourcecode.cpp.cpp; path = thread.cpp; sourceTree = "<group>"; };
		D0B9785911722F3D00FA5B5A /* thread.h */ = {isa = PBXFileReference; fileEncoding = 4; lastKnownFileType = sourcecode.c.h; path = thread.h; sourceTree = "<group>"; };
		D0B9785A11722F3D00FA5B5A /* thread_pool.cpp */ = {isa = PBXFileReference; fileEncoding = 4; lastKnownFileType = sourcecode.cpp.cpp; path = thread_pool.cpp; sourceTree = "<group>"; };
		D0B9785B11722F3D00FA5B5A /* thread_pool.h */ = {isa = PBXFileReference; fileEncoding = 4; lastKnownFileType = sourcecode.c.h; path = thread_pool.h; sourceTree = "<group>"; };
		D0B9785C11722F3D00FA5B5A /* tinyxml.cpp */ = {isa = PBXFileReference; fileEncoding = 4; lastKnownFileType = sourcecode.cpp.cpp; path = tinyxml.cpp; sourceTree = "<group>"; };
		D0B9785D11722F3D00FA5B5A /* tinyxml.h */ = {isa = PBXFileReference; fileEncoding = 4; lastKnownFileType = sourcecode.c.h; path = tinyxml.h; sourceTree = "<group>"; };
		D0B9785E11722F3D00FA5B5A /* tinyxmlerror.cpp */ = {isa = PBXFileReference; fileEncoding = 4; lastKnownFileType = sourcecode.cpp.cpp; path = tinyxmlerror.cpp; sourceTree = "<group>"; };
		D0B9785F11722F3D00FA5B5A /* tinyxmlparser.cpp */ = {isa = PBXFileReference; fileEncoding = 4; lastKnownFileType = sourcecode.cpp.cpp; path = tinyxmlparser.cpp; sourceTree = "<group>"; };
/* End PBXFileReference section */

/* Begin PBXFrameworksBuildPhase section */
		8DD76F660486A84900D96B5E /* Frameworks */ = {
			isa = PBXFrameworksBuildPhase;
			buildActionMask = 2147483647;
			files = (
			);
			runOnlyForDeploymentPostprocessing = 0;
		};
/* End PBXFrameworksBuildPhase section */

/* Begin PBXGroup section */
		08FB7794FE84155DC02AAC07 /* sitemon */ = {
			isa = PBXGroup;
			children = (
				08FB7795FE84155DC02AAC07 /* Source */,
				C6859E8C029090F304C91782 /* Documentation */,
				1AB674ADFE9D54B511CA2CBB /* Products */,
			);
			name = sitemon;
			sourceTree = "<group>";
		};
		08FB7795FE84155DC02AAC07 /* Source */ = {
			isa = PBXGroup;
			children = (
				D0B9781A11722F3D00FA5B5A /* component_downloader.cpp */,
				D0B9781B11722F3D00FA5B5A /* component_downloader.h */,
				D0B9781C11722F3D00FA5B5A /* config.cpp */,
				D0B9781D11722F3D00FA5B5A /* config.h */,
				D0B9781E11722F3D00FA5B5A /* hit_load_request_thread.cpp */,
				D0B9781F11722F3D00FA5B5A /* hit_load_request_thread.h */,
				D0B9782011722F3D00FA5B5A /* html_parser.cpp */,
				D0B9782111722F3D00FA5B5A /* html_parser.h */,
				D0B9782211722F3D00FA5B5A /* http_engine.cpp */,
				D0B9782311722F3D00FA5B5A /* http_engine.h */,
				D0B9782411722F3D00FA5B5A /* http_request.cpp */,
				D0B9782511722F3D00FA5B5A /* http_request.h */,
				D0B9782611722F3D00FA5B5A /* http_response.cpp */,
				D0B9782711722F3D00FA5B5A /* http_response.h */,
				D0B9782811722F3D00FA5B5A /* http_server */,
				D0B9783711722F3D00FA5B5A /* main.cpp */,
				D0B9783811722F3D00FA5B5A /* results_storage.cpp */,
				D0B9783911722F3D00FA5B5A /* results_storage.h */,
				D0B9783A11722F3D00FA5B5A /* scheduler */,
				D0B9784311722F3D00FA5B5A /* script.cpp */,
				D0B9784411722F3D00FA5B5A /* script.h */,
				D0B9784511722F3D00FA5B5A /* sitemon.cpp */,
				D0B9784611722F3D00FA5B5A /* sitemon.h */,
				D0B9784711722F3D00FA5B5A /* uri_helper.cpp */,
				D0B9784811722F3D00FA5B5A /* uri_helper.h */,
				D0B9784911722F3D00FA5B5A /* utils */,
			);
			name = Source;
			sourceTree = "<group>";
		};
		1AB674ADFE9D54B511CA2CBB /* Products */ = {
			isa = PBXGroup;
			children = (
				8DD76F6C0486A84900D96B5E /* sitemon */,
			);
			name = Products;
			sourceTree = "<group>";
		};
		C6859E8C029090F304C91782 /* Documentation */ = {
			isa = PBXGroup;
			children = (
				C6859E8B029090EE04C91782 /* sitemon.1 */,
			);
			name = Documentation;
			sourceTree = "<group>";
		};
		D0B9782811722F3D00FA5B5A /* http_server */ = {
			isa = PBXGroup;
			children = (
				D0B9782911722F3D00FA5B5A /* http_form_generator.cpp */,
				D0B9782A11722F3D00FA5B5A /* http_form_generator.h */,
				D0B9782B11722F3D00FA5B5A /* http_server.cpp */,
				D0B9782C11722F3D00FA5B5A /* http_server.h */,
				D0B9782D11722F3D00FA5B5A /* http_server_db_helpers.cpp */,
				D0B9782E11722F3D00FA5B5A /* http_server_db_helpers.h */,
				D0B9782F11722F3D00FA5B5A /* http_server_html_formatters.cpp */,
				D0B9783011722F3D00FA5B5A /* http_server_html_formatters.h */,
				D0B9783111722F3D00FA5B5A /* http_server_request.cpp */,
				D0B9783211722F3D00FA5B5A /* http_server_request.h */,
				D0B9783311722F3D00FA5B5A /* http_server_request_thread.cpp */,
				D0B9783411722F3D00FA5B5A /* http_server_request_thread.h */,
				D0B9783511722F3D00FA5B5A /* http_server_responses.cpp */,
				D0B9783611722F3D00FA5B5A /* http_server_responses.h */,
			);
			name = http_server;
			path = src/http_server;
			sourceTree = "<group>";
		};
		D0B9783A11722F3D00FA5B5A /* scheduler */ = {
			isa = PBXGroup;
			children = (
				D0B9783B11722F3D00FA5B5A /* scheduled_results_saver.cpp */,
				D0B9783C11722F3D00FA5B5A /* scheduled_results_saver.h */,
				D0B9783D11722F3D00FA5B5A /* scheduler.cpp */,
				D0B9783E11722F3D00FA5B5A /* scheduler.h */,
				D0B9783F11722F3D00FA5B5A /* scheduler_db_helpers.cpp */,
				D0B9784011722F3D00FA5B5A /* scheduler_db_helpers.h */,
				D0B9784111722F3D00FA5B5A /* scheduler_test_thread.cpp */,
				D0B9784211722F3D00FA5B5A /* scheduler_test_thread.h */,
			);
			name = scheduler;
			path = src/scheduler;
			sourceTree = "<group>";
		};
		D0B9784911722F3D00FA5B5A /* utils */ = {
			isa = PBXGroup;
			children = (
				D0B9784A11722F3D00FA5B5A /* event.cpp */,
				D0B9784B11722F3D00FA5B5A /* event.h */,
				D0B9784C11722F3D00FA5B5A /* mutex.cpp */,
				D0B9784D11722F3D00FA5B5A /* mutex.h */,
				D0B9784E11722F3D00FA5B5A /* socket.cpp */,
				D0B9784F11722F3D00FA5B5A /* socket.h */,
				D0B9785011722F3D00FA5B5A /* sqlite3.c */,
				D0B9785111722F3D00FA5B5A /* sqlite3.h */,
				D0B9785211722F3D00FA5B5A /* sqlite_db.cpp */,
				D0B9785311722F3D00FA5B5A /* sqlite_db.h */,
				D0B9785411722F3D00FA5B5A /* sqlite_query.cpp */,
				D0B9785511722F3D00FA5B5A /* sqlite_query.h */,
				D0B9785611722F3D00FA5B5A /* string_helper.cpp */,
				D0B9785711722F3D00FA5B5A /* string_helper.h */,
				D0B9785811722F3D00FA5B5A /* thread.cpp */,
				D0B9785911722F3D00FA5B5A /* thread.h */,
				D0B9785A11722F3D00FA5B5A /* thread_pool.cpp */,
				D0B9785B11722F3D00FA5B5A /* thread_pool.h */,
				D0B9785C11722F3D00FA5B5A /* tinyxml.cpp */,
				D0B9785D11722F3D00FA5B5A /* tinyxml.h */,
				D0B9785E11722F3D00FA5B5A /* tinyxmlerror.cpp */,
				D0B9785F11722F3D00FA5B5A /* tinyxmlparser.cpp */,
			);
			name = utils;
			path = src/utils;
			sourceTree = "<group>";
		};
/* End PBXGroup section */

/* Begin PBXNativeTarget section */
		8DD76F620486A84900D96B5E /* sitemon */ = {
			isa = PBXNativeTarget;
			buildConfigurationList = 1DEB923108733DC60010E9CD /* Build configuration list for PBXNativeTarget "sitemon" */;
			buildPhases = (
				8DD76F640486A84900D96B5E /* Sources */,
				8DD76F660486A84900D96B5E /* Frameworks */,
				8DD76F690486A84900D96B5E /* CopyFiles */,
			);
			buildRules = (
			);
			dependencies = (
			);
			name = sitemon;
			productInstallPath = "$(HOME)/bin";
			productName = sitemon;
			productReference = 8DD76F6C0486A84900D96B5E /* sitemon */;
			productType = "com.apple.product-type.tool";
		};
/* End PBXNativeTarget section */

/* Begin PBXProject section */
		08FB7793FE84155DC02AAC07 /* Project object */ = {
			isa = PBXProject;
			buildConfigurationList = 1DEB923508733DC60010E9CD /* Build configuration list for PBXProject "sitemon" */;
			compatibilityVersion = "Xcode 3.1";
			hasScannedForEncodings = 1;
			mainGroup = 08FB7794FE84155DC02AAC07 /* sitemon */;
			projectDirPath = "";
			projectRoot = "";
			targets = (
				8DD76F620486A84900D96B5E /* sitemon */,
			);
		};
/* End PBXProject section */

/* Begin PBXSourcesBuildPhase section */
		8DD76F640486A84900D96B5E /* Sources */ = {
			isa = PBXSourcesBuildPhase;
			buildActionMask = 2147483647;
			files = (
				D0B9786011722F3D00FA5B5A /* component_downloader.cpp in Sources */,
				D0B9786111722F3D00FA5B5A /* config.cpp in Sources */,
				D0B9786211722F3D00FA5B5A /* hit_load_request_thread.cpp in Sources */,
				D0B9786311722F3D00FA5B5A /* html_parser.cpp in Sources */,
				D0B9786411722F3D00FA5B5A /* http_engine.cpp in Sources */,
				D0B9786511722F3D00FA5B5A /* http_request.cpp in Sources */,
				D0B9786611722F3D00FA5B5A /* http_response.cpp in Sources */,
				D0B9786711722F3D00FA5B5A /* http_form_generator.cpp in Sources */,
				D0B9786811722F3D00FA5B5A /* http_server.cpp in Sources */,
				D0B9786911722F3D00FA5B5A /* http_server_db_helpers.cpp in Sources */,
				D0B9786A11722F3D00FA5B5A /* http_server_html_formatters.cpp in Sources */,
				D0B9786B11722F3D00FA5B5A /* http_server_request.cpp in Sources */,
				D0B9786C11722F3D00FA5B5A /* http_server_request_thread.cpp in Sources */,
				D0B9786D11722F3D00FA5B5A /* http_server_responses.cpp in Sources */,
				D0B9786E11722F3D00FA5B5A /* main.cpp in Sources */,
				D0B9786F11722F3D00FA5B5A /* results_storage.cpp in Sources */,
				D0B9787011722F3D00FA5B5A /* scheduled_results_saver.cpp in Sources */,
				D0B9787111722F3D00FA5B5A /* scheduler.cpp in Sources */,
				D0B9787211722F3D00FA5B5A /* scheduler_db_helpers.cpp in Sources */,
				D0B9787311722F3D00FA5B5A /* scheduler_test_thread.cpp in Sources */,
				D0B9787411722F3D00FA5B5A /* script.cpp in Sources */,
				D0B9787511722F3D00FA5B5A /* sitemon.cpp in Sources */,
				D0B9787611722F3D00FA5B5A /* uri_helper.cpp in Sources */,
				D0B9787711722F3D00FA5B5A /* event.cpp in Sources */,
				D0B9787811722F3D00FA5B5A /* mutex.cpp in Sources */,
				D0B9787911722F3D00FA5B5A /* socket.cpp in Sources */,
				D0B9787A11722F3E00FA5B5A /* sqlite3.c in Sources */,
				D0B9787B11722F3E00FA5B5A /* sqlite_db.cpp in Sources */,
				D0B9787C11722F3E00FA5B5A /* sqlite_query.cpp in Sources */,
				D0B9787D11722F3E00FA5B5A /* string_helper.cpp in Sources */,
				D0B9787E11722F3E00FA5B5A /* thread.cpp in Sources */,
				D0B9787F11722F3E00FA5B5A /* thread_pool.cpp in Sources */,
				D0B9788011722F3E00FA5B5A /* tinyxml.cpp in Sources */,
				D0B9788111722F3E00FA5B5A /* tinyxmlerror.cpp in Sources */,
				D0B9788211722F3E00FA5B5A /* tinyxmlparser.cpp in Sources */,
			);
			runOnlyForDeploymentPostprocessing = 0;
		};
/* End PBXSourcesBuildPhase section */

/* Begin XCBuildConfiguration section */
		1DEB923208733DC60010E9CD /* Debug */ = {
			isa = XCBuildConfiguration;
			buildSettings = {
				ALWAYS_SEARCH_USER_PATHS = NO;
				COPY_PHASE_STRIP = NO;
				GCC_DYNAMIC_NO_PIC = NO;
				GCC_ENABLE_FIX_AND_CONTINUE = YES;
				GCC_MODEL_TUNING = G5;
				GCC_OPTIMIZATION_LEVEL = 0;
				GCC_PREPROCESSOR_DEFINITIONS = (
					"_GLIBCXX_DEBUG=1",
					"_GLIBCXX_DEBUG_PEDANTIC=1",
				);
				INSTALL_PATH = /usr/local/bin;
				PRODUCT_NAME = sitemon;
			};
			name = Debug;
		};
		1DEB923308733DC60010E9CD /* Release */ = {
			isa = XCBuildConfiguration;
			buildSettings = {
				ALWAYS_SEARCH_USER_PATHS = NO;
				DEBUG_INFORMATION_FORMAT = "dwarf-with-dsym";
				GCC_MODEL_TUNING = G5;
				INSTALL_PATH = /usr/local/bin;
				PRODUCT_NAME = sitemon;
			};
			name = Release;
		};
		1DEB923608733DC60010E9CD /* Debug */ = {
			isa = XCBuildConfiguration;
			buildSettings = {
				ARCHS = "$(ARCHS_STANDARD_32_64_BIT)";
				GCC_C_LANGUAGE_STANDARD = gnu99;
				GCC_OPTIMIZATION_LEVEL = 0;
				GCC_VERSION = "";
				GCC_WARN_ABOUT_RETURN_TYPE = YES;
				GCC_WARN_UNUSED_VARIABLE = YES;
				ONLY_ACTIVE_ARCH = YES;
				OTHER_LDFLAGS = (
					"-lz",
					"-lssl",
					"-lcurl",
					"-lxml2",
					"-pthread",
				);
				PREBINDING = NO;
				SDKROOT = macosx10.6;
			};
			name = Debug;
		};
		1DEB923708733DC60010E9CD /* Release */ = {
			isa = XCBuildConfiguration;
			buildSettings = {
				ARCHS = "$(ARCHS_STANDARD_32_64_BIT)";
				GCC_C_LANGUAGE_STANDARD = gnu99;
				GCC_WARN_ABOUT_RETURN_TYPE = YES;
				GCC_WARN_UNUSED_VARIABLE = YES;
				OTHER_LDFLAGS = (
					"-lz",
					"-lssl",
					"-lcurl",
					"-lxml2",
					"-pthread",
				);
				PREBINDING = NO;
				SDKROOT = macosx10.6;
			};
			name = Release;
		};
/* End XCBuildConfiguration section */

/* Begin XCConfigurationList section */
		1DEB923108733DC60010E9CD /* Build configuration list for PBXNativeTarget "sitemon" */ = {
			isa = XCConfigurationList;
			buildConfigurations = (
				1DEB923208733DC60010E9CD /* Debug */,
				1DEB923308733DC60010E9CD /* Release */,
			);
			defaultConfigurationIsVisible = 0;
			defaultConfigurationName = Release;
		};
		1DEB923508733DC60010E9CD /* Build configuration list for PBXProject "sitemon" */ = {
			isa = XCConfigurationList;
			buildConfigurations = (
				1DEB923608733DC60010E9CD /* Debug */,
				1DEB923708733DC60010E9CD /* Release */,
			);
			defaultConfigurationIsVisible = 0;
			defaultConfigurationName = Release;
		};
/* End XCConfigurationList section */
	};
	rootObject = 08FB7793FE84155DC02AAC07 /* Project object */;
}
